// !$*UTF8*$!
{
	archiveVersion = 1;
	classes = {
	};
	objectVersion = 46;
	objects = {

/* Begin PBXBuildFile section */
		0AA2C8DF1883709B00F48A54 /* Foundation.framework in Frameworks */ = {isa = PBXBuildFile; fileRef = 0AA2C8DE1883709B00F48A54 /* Foundation.framework */; };
		0AA2C8E11883709B00F48A54 /* CoreGraphics.framework in Frameworks */ = {isa = PBXBuildFile; fileRef = 0AA2C8E01883709B00F48A54 /* CoreGraphics.framework */; };
		0AA2C8E31883709B00F48A54 /* UIKit.framework in Frameworks */ = {isa = PBXBuildFile; fileRef = 0AA2C8E21883709B00F48A54 /* UIKit.framework */; };
		0AA2C8E91883709B00F48A54 /* InfoPlist.strings in Resources */ = {isa = PBXBuildFile; fileRef = 0AA2C8E71883709B00F48A54 /* InfoPlist.strings */; };
		0AA2C8EB1883709B00F48A54 /* main.m in Sources */ = {isa = PBXBuildFile; fileRef = 0AA2C8EA1883709B00F48A54 /* main.m */; };
		0AA2C8EF1883709B00F48A54 /* AppDelegate.m in Sources */ = {isa = PBXBuildFile; fileRef = 0AA2C8EE1883709B00F48A54 /* AppDelegate.m */; };
		0AA2C8F11883709B00F48A54 /* Images.xcassets in Resources */ = {isa = PBXBuildFile; fileRef = 0AA2C8F01883709B00F48A54 /* Images.xcassets */; };
		0AA2C8F81883709B00F48A54 /* XCTest.framework in Frameworks */ = {isa = PBXBuildFile; fileRef = 0AA2C8F71883709B00F48A54 /* XCTest.framework */; };
		0AA2C8F91883709B00F48A54 /* Foundation.framework in Frameworks */ = {isa = PBXBuildFile; fileRef = 0AA2C8DE1883709B00F48A54 /* Foundation.framework */; };
		0AA2C8FA1883709B00F48A54 /* UIKit.framework in Frameworks */ = {isa = PBXBuildFile; fileRef = 0AA2C8E21883709B00F48A54 /* UIKit.framework */; };
		0AA2C9021883709B00F48A54 /* InfoPlist.strings in Resources */ = {isa = PBXBuildFile; fileRef = 0AA2C9001883709B00F48A54 /* InfoPlist.strings */; };
		0AA2C9041883709B00F48A54 /* ItsHotInHereTests.m in Sources */ = {isa = PBXBuildFile; fileRef = 0AA2C9031883709B00F48A54 /* ItsHotInHereTests.m */; };
/* End PBXBuildFile section */

/* Begin PBXContainerItemProxy section */
		0AA2C8FB1883709B00F48A54 /* PBXContainerItemProxy */ = {
			isa = PBXContainerItemProxy;
			containerPortal = 0AA2C8D31883709B00F48A54 /* Project object */;
			proxyType = 1;
			remoteGlobalIDString = 0AA2C8DA1883709B00F48A54;
			remoteInfo = ItsHotInHere;
		};
/* End PBXContainerItemProxy section */

/* Begin PBXFileReference section */
		0AA2C8DB1883709B00F48A54 /* ItsHotInHere.app */ = {isa = PBXFileReference; explicitFileType = wrapper.application; includeInIndex = 0; path = ItsHotInHere.app; sourceTree = BUILT_PRODUCTS_DIR; };
		0AA2C8DE1883709B00F48A54 /* Foundation.framework */ = {isa = PBXFileReference; lastKnownFileType = wrapper.framework; name = Foundation.framework; path = System/Library/Frameworks/Foundation.framework; sourceTree = SDKROOT; };
		0AA2C8E01883709B00F48A54 /* CoreGraphics.framework */ = {isa = PBXFileReference; lastKnownFileType = wrapper.framework; name = CoreGraphics.framework; path = System/Library/Frameworks/CoreGraphics.framework; sourceTree = SDKROOT; };
		0AA2C8E21883709B00F48A54 /* UIKit.framework */ = {isa = PBXFileReference; lastKnownFileType = wrapper.framework; name = UIKit.framework; path = System/Library/Frameworks/UIKit.framework; sourceTree = SDKROOT; };
		0AA2C8E61883709B00F48A54 /* ItsHotInHere-Info.plist */ = {isa = PBXFileReference; lastKnownFileType = text.plist.xml; path = "ItsHotInHere-Info.plist"; sourceTree = "<group>"; };
		0AA2C8E81883709B00F48A54 /* en */ = {isa = PBXFileReference; lastKnownFileType = text.plist.strings; name = en; path = en.lproj/InfoPlist.strings; sourceTree = "<group>"; };
		0AA2C8EA1883709B00F48A54 /* main.m */ = {isa = PBXFileReference; lastKnownFileType = sourcecode.c.objc; path = main.m; sourceTree = "<group>"; };
		0AA2C8EC1883709B00F48A54 /* ItsHotInHere-Prefix.pch */ = {isa = PBXFileReference; lastKnownFileType = sourcecode.c.h; path = "ItsHotInHere-Prefix.pch"; sourceTree = "<group>"; };
		0AA2C8ED1883709B00F48A54 /* AppDelegate.h */ = {isa = PBXFileReference; lastKnownFileType = sourcecode.c.h; path = AppDelegate.h; sourceTree = "<group>"; };
		0AA2C8EE1883709B00F48A54 /* AppDelegate.m */ = {isa = PBXFileReference; lastKnownFileType = sourcecode.c.objc; path = AppDelegate.m; sourceTree = "<group>"; };
		0AA2C8F01883709B00F48A54 /* Images.xcassets */ = {isa = PBXFileReference; lastKnownFileType = folder.assetcatalog; path = Images.xcassets; sourceTree = "<group>"; };
		0AA2C8F61883709B00F48A54 /* ItsHotInHereTests.xctest */ = {isa = PBXFileReference; explicitFileType = wrapper.cfbundle; includeInIndex = 0; path = ItsHotInHereTests.xctest; sourceTree = BUILT_PRODUCTS_DIR; };
		0AA2C8F71883709B00F48A54 /* XCTest.framework */ = {isa = PBXFileReference; lastKnownFileType = wrapper.framework; name = XCTest.framework; path = Library/Frameworks/XCTest.framework; sourceTree = DEVELOPER_DIR; };
		0AA2C8FF1883709B00F48A54 /* ItsHotInHereTests-Info.plist */ = {isa = PBXFileReference; lastKnownFileType = text.plist.xml; path = "ItsHotInHereTests-Info.plist"; sourceTree = "<group>"; };
		0AA2C9011883709B00F48A54 /* en */ = {isa = PBXFileReference; lastKnownFileType = text.plist.strings; name = en; path = en.lproj/InfoPlist.strings; sourceTree = "<group>"; };
		0AA2C9031883709B00F48A54 /* ItsHotInHereTests.m */ = {isa = PBXFileReference; lastKnownFileType = sourcecode.c.objc; path = ItsHotInHereTests.m; sourceTree = "<group>"; };
/* End PBXFileReference section */

/* Begin PBXFrameworksBuildPhase section */
		0AA2C8D81883709B00F48A54 /* Frameworks */ = {
			isa = PBXFrameworksBuildPhase;
			buildActionMask = 2147483647;
			files = (
				0AA2C8E11883709B00F48A54 /* CoreGraphics.framework in Frameworks */,
				0AA2C8E31883709B00F48A54 /* UIKit.framework in Frameworks */,
				0AA2C8DF1883709B00F48A54 /* Foundation.framework in Frameworks */,
			);
			runOnlyForDeploymentPostprocessing = 0;
		};
		0AA2C8F31883709B00F48A54 /* Frameworks */ = {
			isa = PBXFrameworksBuildPhase;
			buildActionMask = 2147483647;
			files = (
				0AA2C8F81883709B00F48A54 /* XCTest.framework in Frameworks */,
				0AA2C8FA1883709B00F48A54 /* UIKit.framework in Frameworks */,
				0AA2C8F91883709B00F48A54 /* Foundation.framework in Frameworks */,
			);
			runOnlyForDeploymentPostprocessing = 0;
		};
/* End PBXFrameworksBuildPhase section */

/* Begin PBXGroup section */
		0AA2C8D21883709B00F48A54 = {
			isa = PBXGroup;
			children = (
				0AA2C8E41883709B00F48A54 /* ItsHotInHere */,
				0AA2C8FD1883709B00F48A54 /* ItsHotInHereTests */,
				0AA2C8DD1883709B00F48A54 /* Frameworks */,
				0AA2C8DC1883709B00F48A54 /* Products */,
			);
			sourceTree = "<group>";
		};
		0AA2C8DC1883709B00F48A54 /* Products */ = {
			isa = PBXGroup;
			children = (
				0AA2C8DB1883709B00F48A54 /* ItsHotInHere.app */,
				0AA2C8F61883709B00F48A54 /* ItsHotInHereTests.xctest */,
			);
			name = Products;
			sourceTree = "<group>";
		};
		0AA2C8DD1883709B00F48A54 /* Frameworks */ = {
			isa = PBXGroup;
			children = (
				0AA2C8DE1883709B00F48A54 /* Foundation.framework */,
				0AA2C8E01883709B00F48A54 /* CoreGraphics.framework */,
				0AA2C8E21883709B00F48A54 /* UIKit.framework */,
				0AA2C8F71883709B00F48A54 /* XCTest.framework */,
			);
			name = Frameworks;
			sourceTree = "<group>";
		};
		0AA2C8E41883709B00F48A54 /* ItsHotInHere */ = {
			isa = PBXGroup;
			children = (
				0AA2C8ED1883709B00F48A54 /* AppDelegate.h */,
				0AA2C8EE1883709B00F48A54 /* AppDelegate.m */,
				0AA2C8F01883709B00F48A54 /* Images.xcassets */,
				0AA2C8E51883709B00F48A54 /* Supporting Files */,
			);
			path = ItsHotInHere;
			sourceTree = "<group>";
		};
		0AA2C8E51883709B00F48A54 /* Supporting Files */ = {
			isa = PBXGroup;
			children = (
				0AA2C8E61883709B00F48A54 /* ItsHotInHere-Info.plist */,
				0AA2C8E71883709B00F48A54 /* InfoPlist.strings */,
				0AA2C8EA1883709B00F48A54 /* main.m */,
				0AA2C8EC1883709B00F48A54 /* ItsHotInHere-Prefix.pch */,
			);
			name = "Supporting Files";
			sourceTree = "<group>";
		};
		0AA2C8FD1883709B00F48A54 /* ItsHotInHereTests */ = {
			isa = PBXGroup;
			children = (
				0AA2C9031883709B00F48A54 /* ItsHotInHereTests.m */,
				0AA2C8FE1883709B00F48A54 /* Supporting Files */,
			);
			path = ItsHotInHereTests;
			sourceTree = "<group>";
		};
		0AA2C8FE1883709B00F48A54 /* Supporting Files */ = {
			isa = PBXGroup;
			children = (
				0AA2C8FF1883709B00F48A54 /* ItsHotInHereTests-Info.plist */,
				0AA2C9001883709B00F48A54 /* InfoPlist.strings */,
			);
			name = "Supporting Files";
			sourceTree = "<group>";
		};
/* End PBXGroup section */

/* Begin PBXNativeTarget section */
		0AA2C8DA1883709B00F48A54 /* ItsHotInHere */ = {
			isa = PBXNativeTarget;
			buildConfigurationList = 0AA2C9071883709B00F48A54 /* Build configuration list for PBXNativeTarget "ItsHotInHere" */;
			buildPhases = (
				0AA2C8D71883709B00F48A54 /* Sources */,
				0AA2C8D81883709B00F48A54 /* Frameworks */,
				0AA2C8D91883709B00F48A54 /* Resources */,
			);
			buildRules = (
			);
			dependencies = (
			);
			name = ItsHotInHere;
			productName = ItsHotInHere;
			productReference = 0AA2C8DB1883709B00F48A54 /* ItsHotInHere.app */;
			productType = "com.apple.product-type.application";
		};
		0AA2C8F51883709B00F48A54 /* ItsHotInHereTests */ = {
			isa = PBXNativeTarget;
			buildConfigurationList = 0AA2C90A1883709B00F48A54 /* Build configuration list for PBXNativeTarget "ItsHotInHereTests" */;
			buildPhases = (
				0AA2C8F21883709B00F48A54 /* Sources */,
				0AA2C8F31883709B00F48A54 /* Frameworks */,
				0AA2C8F41883709B00F48A54 /* Resources */,
			);
			buildRules = (
			);
			dependencies = (
				0AA2C8FC1883709B00F48A54 /* PBXTargetDependency */,
			);
			name = ItsHotInHereTests;
			productName = ItsHotInHereTests;
			productReference = 0AA2C8F61883709B00F48A54 /* ItsHotInHereTests.xctest */;
			productType = "com.apple.product-type.bundle.unit-test";
		};
/* End PBXNativeTarget section */

/* Begin PBXProject section */
		0AA2C8D31883709B00F48A54 /* Project object */ = {
			isa = PBXProject;
			attributes = {
				LastUpgradeCheck = 0500;
				ORGANIZATIONNAME = "Bruno Parrinello";
				TargetAttributes = {
					0AA2C8F51883709B00F48A54 = {
						TestTargetID = 0AA2C8DA1883709B00F48A54;
					};
				};
			};
			buildConfigurationList = 0AA2C8D61883709B00F48A54 /* Build configuration list for PBXProject "ItsHotInHere" */;
			compatibilityVersion = "Xcode 3.2";
			developmentRegion = English;
			hasScannedForEncodings = 0;
			knownRegions = (
				en,
			);
			mainGroup = 0AA2C8D21883709B00F48A54;
			productRefGroup = 0AA2C8DC1883709B00F48A54 /* Products */;
			projectDirPath = "";
			projectRoot = "";
			targets = (
				0AA2C8DA1883709B00F48A54 /* ItsHotInHere */,
				0AA2C8F51883709B00F48A54 /* ItsHotInHereTests */,
			);
		};
/* End PBXProject section */

/* Begin PBXResourcesBuildPhase section */
		0AA2C8D91883709B00F48A54 /* Resources */ = {
			isa = PBXResourcesBuildPhase;
			buildActionMask = 2147483647;
			files = (
				0AA2C8E91883709B00F48A54 /* InfoPlist.strings in Resources */,
				0AA2C8F11883709B00F48A54 /* Images.xcassets in Resources */,
			);
			runOnlyForDeploymentPostprocessing = 0;
		};
		0AA2C8F41883709B00F48A54 /* Resources */ = {
			isa = PBXResourcesBuildPhase;
			buildActionMask = 2147483647;
			files = (
				0AA2C9021883709B00F48A54 /* InfoPlist.strings in Resources */,
			);
			runOnlyForDeploymentPostprocessing = 0;
		};
/* End PBXResourcesBuildPhase section */

/* Begin PBXSourcesBuildPhase section */
		0AA2C8D71883709B00F48A54 /* Sources */ = {
			isa = PBXSourcesBuildPhase;
			buildActionMask = 2147483647;
			files = (
				0AA2C8EF1883709B00F48A54 /* AppDelegate.m in Sources */,
				0AA2C8EB1883709B00F48A54 /* main.m in Sources */,
			);
			runOnlyForDeploymentPostprocessing = 0;
		};
		0AA2C8F21883709B00F48A54 /* Sources */ = {
			isa = PBXSourcesBuildPhase;
			buildActionMask = 2147483647;
			files = (
				0AA2C9041883709B00F48A54 /* ItsHotInHereTests.m in Sources */,
			);
			runOnlyForDeploymentPostprocessing = 0;
		};
/* End PBXSourcesBuildPhase section */

/* Begin PBXTargetDependency section */
		0AA2C8FC1883709B00F48A54 /* PBXTargetDependency */ = {
			isa = PBXTargetDependency;
			target = 0AA2C8DA1883709B00F48A54 /* ItsHotInHere */;
			targetProxy = 0AA2C8FB1883709B00F48A54 /* PBXContainerItemProxy */;
		};
/* End PBXTargetDependency section */

/* Begin PBXVariantGroup section */
		0AA2C8E71883709B00F48A54 /* InfoPlist.strings */ = {
			isa = PBXVariantGroup;
			children = (
				0AA2C8E81883709B00F48A54 /* en */,
			);
			name = InfoPlist.strings;
			sourceTree = "<group>";
		};
		0AA2C9001883709B00F48A54 /* InfoPlist.strings */ = {
			isa = PBXVariantGroup;
			children = (
				0AA2C9011883709B00F48A54 /* en */,
			);
			name = InfoPlist.strings;
			sourceTree = "<group>";
		};
/* End PBXVariantGroup section */

/* Begin XCBuildConfiguration section */
		0AA2C9051883709B00F48A54 /* Debug */ = {
			isa = XCBuildConfiguration;
			buildSettings = {
				ALWAYS_SEARCH_USER_PATHS = NO;
				ARCHS = "$(ARCHS_STANDARD_INCLUDING_64_BIT)";
				CLANG_CXX_LANGUAGE_STANDARD = "gnu++0x";
				CLANG_CXX_LIBRARY = "libc++";
				CLANG_ENABLE_MODULES = YES;
				CLANG_ENABLE_OBJC_ARC = YES;
				CLANG_WARN_BOOL_CONVERSION = YES;
				CLANG_WARN_CONSTANT_CONVERSION = YES;
				CLANG_WARN_DIRECT_OBJC_ISA_USAGE = YES_ERROR;
				CLANG_WARN_EMPTY_BODY = YES;
				CLANG_WARN_ENUM_CONVERSION = YES;
				CLANG_WARN_INT_CONVERSION = YES;
				CLANG_WARN_OBJC_ROOT_CLASS = YES_ERROR;
				CLANG_WARN__DUPLICATE_METHOD_MATCH = YES;
				"CODE_SIGN_IDENTITY[sdk=iphoneos*]" = "iPhone Developer";
				COPY_PHASE_STRIP = NO;
				GCC_C_LANGUAGE_STANDARD = gnu99;
				GCC_DYNAMIC_NO_PIC = NO;
				GCC_OPTIMIZATION_LEVEL = 0;
				GCC_PREPROCESSOR_DEFINITIONS = (
					"DEBUG=1",
					"$(inherited)",
				);
				GCC_SYMBOLS_PRIVATE_EXTERN = NO;
				GCC_WARN_64_TO_32_BIT_CONVERSION = YES;
				GCC_WARN_ABOUT_RETURN_TYPE = YES_ERROR;
				GCC_WARN_UNDECLARED_SELECTOR = YES;
				GCC_WARN_UNINITIALIZED_AUTOS = YES;
				GCC_WARN_UNUSED_FUNCTION = YES;
				GCC_WARN_UNUSED_VARIABLE = YES;
				IPHONEOS_DEPLOYMENT_TARGET = 7.0;
				ONLY_ACTIVE_ARCH = YES;
				SDKROOT = iphoneos;
			};
			name = Debug;
		};
		0AA2C9061883709B00F48A54 /* Release */ = {
			isa = XCBuildConfiguration;
			buildSettings = {
				ALWAYS_SEARCH_USER_PATHS = NO;
				ARCHS = "$(ARCHS_STANDARD_INCLUDING_64_BIT)";
				CLANG_CXX_LANGUAGE_STANDARD = "gnu++0x";
				CLANG_CXX_LIBRARY = "libc++";
				CLANG_ENABLE_MODULES = YES;
				CLANG_ENABLE_OBJC_ARC = YES;
				CLANG_WARN_BOOL_CONVERSION = YES;
				CLANG_WARN_CONSTANT_CONVERSION = YES;
				CLANG_WARN_DIRECT_OBJC_ISA_USAGE = YES_ERROR;
				CLANG_WARN_EMPTY_BODY = YES;
				CLANG_WARN_ENUM_CONVERSION = YES;
				CLANG_WARN_INT_CONVERSION = YES;
				CLANG_WARN_OBJC_ROOT_CLASS = YES_ERROR;
				CLANG_WARN__DUPLICATE_METHOD_MATCH = YES;
				"CODE_SIGN_IDENTITY[sdk=iphoneos*]" = "iPhone Developer";
				COPY_PHASE_STRIP = YES;
				ENABLE_NS_ASSERTIONS = NO;
				GCC_C_LANGUAGE_STANDARD = gnu99;
				GCC_WARN_64_TO_32_BIT_CONVERSION = YES;
				GCC_WARN_ABOUT_RETURN_TYPE = YES_ERROR;
				GCC_WARN_UNDECLARED_SELECTOR = YES;
				GCC_WARN_UNINITIALIZED_AUTOS = YES;
				GCC_WARN_UNUSED_FUNCTION = YES;
				GCC_WARN_UNUSED_VARIABLE = YES;
				IPHONEOS_DEPLOYMENT_TARGET = 7.0;
				SDKROOT = iphoneos;
				VALIDATE_PRODUCT = YES;
			};
			name = Release;
		};
		0AA2C9081883709B00F48A54 /* Debug */ = {
			isa = XCBuildConfiguration;
			buildSettings = {
				ASSETCATALOG_COMPILER_APPICON_NAME = AppIcon;
				ASSETCATALOG_COMPILER_LAUNCHIMAGE_NAME = LaunchImage;
				GCC_PRECOMPILE_PREFIX_HEADER = YES;
				GCC_PREFIX_HEADER = "ItsHotInHere/ItsHotInHere-Prefix.pch";
				INFOPLIST_FILE = "ItsHotInHere/ItsHotInHere-Info.plist";
				PRODUCT_NAME = "$(TARGET_NAME)";
				WRAPPER_EXTENSION = app;
			};
			name = Debug;
		};
		0AA2C9091883709B00F48A54 /* Release */ = {
			isa = XCBuildConfiguration;
			buildSettings = {
				ASSETCATALOG_COMPILER_APPICON_NAME = AppIcon;
				ASSETCATALOG_COMPILER_LAUNCHIMAGE_NAME = LaunchImage;
				GCC_PRECOMPILE_PREFIX_HEADER = YES;
				GCC_PREFIX_HEADER = "ItsHotInHere/ItsHotInHere-Prefix.pch";
				INFOPLIST_FILE = "ItsHotInHere/ItsHotInHere-Info.plist";
				PRODUCT_NAME = "$(TARGET_NAME)";
				WRAPPER_EXTENSION = app;
			};
			name = Release;
		};
		0AA2C90B1883709B00F48A54 /* Debug */ = {
			isa = XCBuildConfiguration;
			buildSettings = {
				ARCHS = "$(ARCHS_STANDARD_INCLUDING_64_BIT)";
				BUNDLE_LOADER = "$(BUILT_PRODUCTS_DIR)/ItsHotInHere.app/ItsHotInHere";
				FRAMEWORK_SEARCH_PATHS = (
					"$(SDKROOT)/Developer/Library/Frameworks",
					"$(inherited)",
					"$(DEVELOPER_FRAMEWORKS_DIR)",
				);
				GCC_PRECOMPILE_PREFIX_HEADER = YES;
				GCC_PREFIX_HEADER = "ItsHotInHere/ItsHotInHere-Prefix.pch";
				GCC_PREPROCESSOR_DEFINITIONS = (
					"DEBUG=1",
					"$(inherited)",
				);
				INFOPLIST_FILE = "ItsHotInHereTests/ItsHotInHereTests-Info.plist";
				PRODUCT_NAME = "$(TARGET_NAME)";
				TEST_HOST = "$(BUNDLE_LOADER)";
				WRAPPER_EXTENSION = xctest;
			};
			name = Debug;
		};
		0AA2C90C1883709B00F48A54 /* Release */ = {
			isa = XCBuildConfiguration;
			buildSettings = {
				ARCHS = "$(ARCHS_STANDARD_INCLUDING_64_BIT)";
				BUNDLE_LOADER = "$(BUILT_PRODUCTS_DIR)/ItsHotInHere.app/ItsHotInHere";
				FRAMEWORK_SEARCH_PATHS = (
					"$(SDKROOT)/Developer/Library/Frameworks",
					"$(inherited)",
					"$(DEVELOPER_FRAMEWORKS_DIR)",
				);
				GCC_PRECOMPILE_PREFIX_HEADER = YES;
				GCC_PREFIX_HEADER = "ItsHotInHere/ItsHotInHere-Prefix.pch";
				INFOPLIST_FILE = "ItsHotInHereTests/ItsHotInHereTests-Info.plist";
				PRODUCT_NAME = "$(TARGET_NAME)";
				TEST_HOST = "$(BUNDLE_LOADER)";
				WRAPPER_EXTENSION = xctest;
			};
			name = Release;
		};
/* End XCBuildConfiguration section */

/* Begin XCConfigurationList section */
		0AA2C8D61883709B00F48A54 /* Build configuration list for PBXProject "ItsHotInHere" */ = {
			isa = XCConfigurationList;
			buildConfigurations = (
				0AA2C9051883709B00F48A54 /* Debug */,
				0AA2C9061883709B00F48A54 /* Release */,
			);
			defaultConfigurationIsVisible = 0;
			defaultConfigurationName = Release;
		};
		0AA2C9071883709B00F48A54 /* Build configuration list for PBXNativeTarget "ItsHotInHere" */ = {
			isa = XCConfigurationList;
			buildConfigurations = (
				0AA2C9081883709B00F48A54 /* Debug */,
				0AA2C9091883709B00F48A54 /* Release */,
			);
			defaultConfigurationIsVisible = 0;
		};
		0AA2C90A1883709B00F48A54 /* Build configuration list for PBXNativeTarget "ItsHotInHereTests" */ = {
			isa = XCConfigurationList;
			buildConfigurations = (
				0AA2C90B1883709B00F48A54 /* Debug */,
				0AA2C90C1883709B00F48A54 /* Release */,
			);
			defaultConfigurationIsVisible = 0;
		};
/* End XCConfigurationList section */
	};
	rootObject = 0AA2C8D31883709B00F48A54 /* Project object */;
}
